# THIS IS AN AUTOGENERATED FILE. DO NOT EDIT THIS FILE DIRECTLY.
# yarn lockfile v1


abstract-logging@^2.0.0:
  version "2.0.1"
  resolved "https://registry.yarnpkg.com/abstract-logging/-/abstract-logging-2.0.1.tgz#6b0c371df212db7129b57d2e7fcf282b8bf1c839"

ajv@^6.10.2, ajv@^6.11.0, ajv@^6.12.0:
  version "6.12.6"
  resolved "https://registry.yarnpkg.com/ajv/-/ajv-6.12.6.tgz#baf5a62e802b07d977034586f8c3baf5adf26df4"
  dependencies:
    fast-deep-equal "^3.1.1"
    fast-json-stable-stringify "^2.0.0"
    json-schema-traverse "^0.4.1"
    uri-js "^4.2.2"

ansi-styles@^3.1.0:
  version "3.2.1"
  resolved "https://registry.yarnpkg.com/ansi-styles/-/ansi-styles-3.2.1.tgz#41fbb20243e50b12be0f04b8dedbf07520ce841d"
  dependencies:
    color-convert "^1.9.0"

archy@^1.0.0:
  version "1.0.0"
  resolved "https://registry.yarnpkg.com/archy/-/archy-1.0.0.tgz#f9c8c13757cc1dd7bc379ac77b2c62a5c2868c40"

atomic-sleep@^1.0.0:
  version "1.0.0"
  resolved "https://registry.yarnpkg.com/atomic-sleep/-/atomic-sleep-1.0.0.tgz#eb85b77a601fc932cfe432c5acd364a9e2c9075b"

avvio@^6.4.1:
  version "6.5.0"
  resolved "https://registry.yarnpkg.com/avvio/-/avvio-6.5.0.tgz#d2cf119967fe90d2156afc29de350ced800cdaab"
  dependencies:
    archy "^1.0.0"
    debug "^4.0.0"
    fastq "^1.6.0"

chalk@2.1.0:
  version "2.1.0"
  resolved "https://registry.yarnpkg.com/chalk/-/chalk-2.1.0.tgz#ac5becf14fa21b99c6c92ca7a7d7cfd5b17e743e"
  dependencies:
    ansi-styles "^3.1.0"
    escape-string-regexp "^1.0.5"
    supports-color "^4.0.0"

color-convert@^1.9.0:
  version "1.9.2"
  resolved "https://registry.yarnpkg.com/color-convert/-/color-convert-1.9.2.tgz#49881b8fba67df12a96bdf3f56c0aab9e7913147"
  dependencies:
    color-name "1.1.1"

color-name@1.1.1:
  version "1.1.1"
  resolved "https://registry.yarnpkg.com/color-name/-/color-name-1.1.1.tgz#4b1415304cf50028ea81643643bd82ea05803689"

cookie@^0.4.0:
  version "0.4.1"
  resolved "https://registry.yarnpkg.com/cookie/-/cookie-0.4.1.tgz#afd713fe26ebd21ba95ceb61f9a8116e50a537d1"

debug@^4.0.0:
  version "4.3.1"
  resolved "https://registry.yarnpkg.com/debug/-/debug-4.3.1.tgz#f0d229c505e0c6d8c49ac553d1b13dc183f6b2ee"
  dependencies:
    ms "2.1.2"

deepmerge@^4.2.2:
  version "4.2.2"
  resolved "https://registry.yarnpkg.com/deepmerge/-/deepmerge-4.2.2.tgz#44d2ea3679b8f4d4ffba33f03d865fc1e7bf4955"

dotenv@4.0.0:
  version "4.0.0"
  resolved "https://registry.yarnpkg.com/dotenv/-/dotenv-4.0.0.tgz#864ef1379aced55ce6f95debecdce179f7a0cd1d"

envalid@^4.1.4:
  version "4.1.4"
  resolved "https://registry.yarnpkg.com/envalid/-/envalid-4.1.4.tgz#b8ad8b04aba56eb6b9b087a81062038239723752"
  dependencies:
    chalk "2.1.0"
    dotenv "4.0.0"
    meant "1.0.0"
    validator "9.4.1"

escape-string-regexp@^1.0.5:
  version "1.0.5"
  resolved "https://registry.yarnpkg.com/escape-string-regexp/-/escape-string-regexp-1.0.5.tgz#1b61c0562190a8dff6ae3bb2cf0200ca130b86d4"

fast-decode-uri-component@^1.0.0:
  version "1.0.0"
  resolved "https://registry.yarnpkg.com/fast-decode-uri-component/-/fast-decode-uri-component-1.0.0.tgz#7ce10336aa4b26286fee93d71e6785ff0f596a33"

fast-deep-equal@^3.1.1:
  version "3.1.3"
  resolved "https://registry.yarnpkg.com/fast-deep-equal/-/fast-deep-equal-3.1.3.tgz#3a7d56b559d6cbc3eb512325244e619a65c6c525"

fast-json-stable-stringify@^2.0.0:
  version "2.0.0"
  resolved "https://registry.yarnpkg.com/fast-json-stable-stringify/-/fast-json-stable-stringify-2.0.0.tgz#d5142c0caee6b1189f87d3a76111064f86c8bbf2"

fast-json-stringify@^1.18.0:
  version "1.21.0"
  resolved "https://registry.yarnpkg.com/fast-json-stringify/-/fast-json-stringify-1.21.0.tgz#51bc8c6d77d8c7b2cc7e5fa754f7f909f9e1262f"
  dependencies:
    ajv "^6.11.0"
    deepmerge "^4.2.2"
    string-similarity "^4.0.1"

fast-redact@^2.0.0:
  version "2.1.0"
  resolved "https://registry.yarnpkg.com/fast-redact/-/fast-redact-2.1.0.tgz#dfe3c1ca69367fb226f110aa4ec10ec85462ffdf"

fast-safe-stringify@^2.0.7:
  version "2.0.7"
  resolved "https://registry.yarnpkg.com/fast-safe-stringify/-/fast-safe-stringify-2.0.7.tgz#124aa885899261f68aedb42a7c080de9da608743"

fastify@^2.15.1:
  version "2.15.1"
  resolved "https://registry.yarnpkg.com/fastify/-/fastify-2.15.1.tgz#195a068bca87c7b57a83fe81f0aa66e86c6a3992"
  dependencies:
    abstract-logging "^2.0.0"
    ajv "^6.12.0"
    avvio "^6.4.1"
    fast-json-stringify "^1.18.0"
    find-my-way "^2.2.2"
    flatstr "^1.0.12"
    light-my-request "^3.7.3"
    middie "^4.1.0"
    pino "^5.17.0"
    proxy-addr "^2.0.6"
    readable-stream "^3.6.0"
    rfdc "^1.1.2"
    secure-json-parse "^2.1.0"
    tiny-lru "^7.0.2"

fastq@^1.6.0:
  version "1.10.0"
  resolved "https://registry.yarnpkg.com/fastq/-/fastq-1.10.0.tgz#74dbefccade964932cdf500473ef302719c652bb"
  dependencies:
    reusify "^1.0.4"

find-my-way@^2.2.2:
  version "2.2.5"
  resolved "https://registry.yarnpkg.com/find-my-way/-/find-my-way-2.2.5.tgz#86ce825266fa28cd962e538a45ec2aaa84c3d514"
  dependencies:
    fast-decode-uri-component "^1.0.0"
    safe-regex2 "^2.0.0"
    semver-store "^0.3.0"

flatstr@^1.0.12:
  version "1.0.12"
  resolved "https://registry.yarnpkg.com/flatstr/-/flatstr-1.0.12.tgz#c2ba6a08173edbb6c9640e3055b95e287ceb5931"

forwarded@~0.1.2:
  version "0.1.2"
  resolved "https://registry.yarnpkg.com/forwarded/-/forwarded-0.1.2.tgz#98c23dab1175657b8c0573e8ceccd91b0ff18c84"

has-flag@^2.0.0:
  version "2.0.0"
  resolved "https://registry.yarnpkg.com/has-flag/-/has-flag-2.0.0.tgz#e8207af1cc7b30d446cc70b734b5e8be18f88d51"

inherits@^2.0.3:
  version "2.0.4"
  resolved "https://registry.yarnpkg.com/inherits/-/inherits-2.0.4.tgz#0fa2c64f932917c3433a0ded55363aae37416b7c"

ipaddr.js@1.9.1:
  version "1.9.1"
  resolved "https://registry.yarnpkg.com/ipaddr.js/-/ipaddr.js-1.9.1.tgz#bff38543eeb8984825079ff3a2a8e6cbd46781b3"

json-schema-traverse@^0.4.1:
  version "0.4.1"
  resolved "https://registry.yarnpkg.com/json-schema-traverse/-/json-schema-traverse-0.4.1.tgz#69f6a87d9513ab8bb8fe63bdb0979c448e684660"

light-my-request@^3.7.3:
  version "3.8.0"
  resolved "https://registry.yarnpkg.com/light-my-request/-/light-my-request-3.8.0.tgz#7da96786e4d479371b25cfd524ee05d5d583dae8"
  dependencies:
    ajv "^6.10.2"
    cookie "^0.4.0"
    readable-stream "^3.4.0"
    set-cookie-parser "^2.4.1"

meant@1.0.0:
  version "1.0.0"
  resolved "https://registry.yarnpkg.com/meant/-/meant-1.0.0.tgz#cb6286e3b7af9315f16118fdc224726ed38074bb"

middie@^4.1.0:
  version "4.1.0"
  resolved "https://registry.yarnpkg.com/middie/-/middie-4.1.0.tgz#0fe986c83d5081489514ca1a2daba5ca36263436"
  dependencies:
    path-to-regexp "^4.0.0"
    reusify "^1.0.2"

ms@2.1.2:
  version "2.1.2"
  resolved "https://registry.yarnpkg.com/ms/-/ms-2.1.2.tgz#d09d1f357b443f493382a8eb3ccd183872ae6009"

path-to-regexp@^4.0.0:
  version "4.0.5"
  resolved "https://registry.yarnpkg.com/path-to-regexp/-/path-to-regexp-4.0.5.tgz#2d4fd140af9a369bf7b68f77a7fdc340490f4239"

pino-std-serializers@^2.4.2:
  version "2.5.0"
  resolved "https://registry.yarnpkg.com/pino-std-serializers/-/pino-std-serializers-2.5.0.tgz#40ead781c65a0ce7ecd9c1c33f409d31fe712315"

pino@^5.17.0:
  version "5.17.0"
  resolved "https://registry.yarnpkg.com/pino/-/pino-5.17.0.tgz#b9def314e82402154f89a25d76a31f20ca84b4c8"
  dependencies:
    fast-redact "^2.0.0"
    fast-safe-stringify "^2.0.7"
    flatstr "^1.0.12"
    pino-std-serializers "^2.4.2"
    quick-format-unescaped "^3.0.3"
    sonic-boom "^0.7.5"

proxy-addr@^2.0.6:
  version "2.0.6"
  resolved "https://registry.yarnpkg.com/proxy-addr/-/proxy-addr-2.0.6.tgz#fdc2336505447d3f2f2c638ed272caf614bbb2bf"
  dependencies:
    forwarded "~0.1.2"
    ipaddr.js "1.9.1"

punycode@^2.1.0:
  version "2.1.1"
  resolved "https://registry.yarnpkg.com/punycode/-/punycode-2.1.1.tgz#b58b010ac40c22c5657616c8d2c2c02c7bf479ec"

quick-format-unescaped@^3.0.3:
  version "3.0.3"
  resolved "https://registry.yarnpkg.com/quick-format-unescaped/-/quick-format-unescaped-3.0.3.tgz#fb3e468ac64c01d22305806c39f121ddac0d1fb9"

readable-stream@^3.4.0, readable-stream@^3.6.0:
  version "3.6.0"
  resolved "https://registry.yarnpkg.com/readable-stream/-/readable-stream-3.6.0.tgz#337bbda3adc0706bd3e024426a286d4b4b2c9198"
  dependencies:
    inherits "^2.0.3"
    string_decoder "^1.1.1"
    util-deprecate "^1.0.1"

ret@~0.2.0:
  version "0.2.2"
  resolved "https://registry.yarnpkg.com/ret/-/ret-0.2.2.tgz#b6861782a1f4762dce43402a71eb7a283f44573c"

reusify@^1.0.2, reusify@^1.0.4:
  version "1.0.4"
  resolved "https://registry.yarnpkg.com/reusify/-/reusify-1.0.4.tgz#90da382b1e126efc02146e90845a88db12925d76"

rfdc@^1.1.2:
  version "1.1.4"
  resolved "https://registry.yarnpkg.com/rfdc/-/rfdc-1.1.4.tgz#ba72cc1367a0ccd9cf81a870b3b58bd3ad07f8c2"

safe-buffer@~5.2.0:
  version "5.2.1"
  resolved "https://registry.yarnpkg.com/safe-buffer/-/safe-buffer-5.2.1.tgz#1eaf9fa9bdb1fdd4ec75f58f9cdb4e6b7827eec6"

safe-regex2@^2.0.0:
  version "2.0.0"
  resolved "https://registry.yarnpkg.com/safe-regex2/-/safe-regex2-2.0.0.tgz#b287524c397c7a2994470367e0185e1916b1f5b9"
  dependencies:
    ret "~0.2.0"

secure-json-parse@^2.1.0:
  version "2.1.0"
  resolved "https://registry.yarnpkg.com/secure-json-parse/-/secure-json-parse-2.1.0.tgz#ae76f5624256b5c497af887090a5d9e156c9fb20"

semver-store@^0.3.0:
  version "0.3.0"
  resolved "https://registry.yarnpkg.com/semver-store/-/semver-store-0.3.0.tgz#ce602ff07df37080ec9f4fb40b29576547befbe9"

set-cookie-parser@^2.4.1:
  version "2.4.6"
  resolved "https://registry.yarnpkg.com/set-cookie-parser/-/set-cookie-parser-2.4.6.tgz#43bdea028b9e6f176474ee5298e758b4a44799c3"

sonic-boom@^0.7.5:
  version "0.7.7"
  resolved "https://registry.yarnpkg.com/sonic-boom/-/sonic-boom-0.7.7.tgz#d921de887428208bfa07b0ae32c278de043f350a"
  dependencies:
    atomic-sleep "^1.0.0"
    flatstr "^1.0.12"

string-similarity@^4.0.1:
  version "4.0.4"
  resolved "https://registry.yarnpkg.com/string-similarity/-/string-similarity-4.0.4.tgz#42d01ab0b34660ea8a018da8f56a3309bb8b2a5b"

string_decoder@^1.1.1:
  version "1.3.0"
  resolved "https://registry.yarnpkg.com/string_decoder/-/string_decoder-1.3.0.tgz#42f114594a46cf1a8e30b0a84f56c78c3edac21e"
  dependencies:
    safe-buffer "~5.2.0"

supports-color@^4.0.0:
  version "4.5.0"
  resolved "https://registry.yarnpkg.com/supports-color/-/supports-color-4.5.0.tgz#be7a0de484dec5c5cddf8b3d59125044912f635b"
  dependencies:
    has-flag "^2.0.0"

tiny-lru@^7.0.2:
  version "7.0.6"
  resolved "https://registry.yarnpkg.com/tiny-lru/-/tiny-lru-7.0.6.tgz#b0c3cdede1e5882aa2d1ae21cb2ceccf2a331f24"

uri-js@^4.2.2:
  version "4.4.1"
  resolved "https://registry.yarnpkg.com/uri-js/-/uri-js-4.4.1.tgz#9b1a52595225859e55f669d928f88c6c57f2a77e"
  dependencies:
    punycode "^2.1.0"

util-deprecate@^1.0.1:
  version "1.0.2"
  resolved "https://registry.yarnpkg.com/util-deprecate/-/util-deprecate-1.0.2.tgz#450d4dc9fa70de732762fbd2d4a28981419a0ccf"

validator@9.4.1:
  version "9.4.1"
  resolved "https://registry.yarnpkg.com/validator/-/validator-9.4.1.tgz#abf466d398b561cd243050112c6ff1de6cc12663"
